// !$*UTF8*$!
{
	archiveVersion = 1;
	classes = {
	};
	objectVersion = 50;
	objects = {

/* Begin PBXBuildFile section */
		9F5B667A234FA0EE000768BE /* AppDelegate.swift in Sources */ = {isa = PBXBuildFile; fileRef = 9F5B6679234FA0EE000768BE /* AppDelegate.swift */; };
		9F5B667C234FA0EE000768BE /* ViewController.swift in Sources */ = {isa = PBXBuildFile; fileRef = 9F5B667B234FA0EE000768BE /* ViewController.swift */; };
		9F5B667E234FA0F4000768BE /* Assets.xcassets in Resources */ = {isa = PBXBuildFile; fileRef = 9F5B667D234FA0F4000768BE /* Assets.xcassets */; };
		9F5B6681234FA0F4000768BE /* Main.storyboard in Resources */ = {isa = PBXBuildFile; fileRef = 9F5B667F234FA0F4000768BE /* Main.storyboard */; };
		9F5B668A234FA636000768BE /* SourceViewController.swift in Sources */ = {isa = PBXBuildFile; fileRef = 9F5B6689234FA636000768BE /* SourceViewController.swift */; };
		9F5B668D234FA6FF000768BE /* DetailsViewController.swift in Sources */ = {isa = PBXBuildFile; fileRef = 9F5B668B234FA6FF000768BE /* DetailsViewController.swift */; };
		9F809BED23517563000DCFEF /* appLogo.jpeg in Resources */ = {isa = PBXBuildFile; fileRef = 9F809BE623517563000DCFEF /* appLogo.jpeg */; };
		9F809BEE23517563000DCFEF /* appLogo2.jpeg in Resources */ = {isa = PBXBuildFile; fileRef = 9F809BE723517563000DCFEF /* appLogo2.jpeg */; };
		9F809BEF23517563000DCFEF /* appLogo1.jpg in Resources */ = {isa = PBXBuildFile; fileRef = 9F809BE823517563000DCFEF /* appLogo1.jpg */; };
		9F809BF023517563000DCFEF /* appLogo2.jpg in Resources */ = {isa = PBXBuildFile; fileRef = 9F809BE923517563000DCFEF /* appLogo2.jpg */; };
		9F809BF123517563000DCFEF /* appLogo3.png in Resources */ = {isa = PBXBuildFile; fileRef = 9F809BEA23517563000DCFEF /* appLogo3.png */; };
		9F809BF223517563000DCFEF /* appLogo4.png in Resources */ = {isa = PBXBuildFile; fileRef = 9F809BEB23517563000DCFEF /* appLogo4.png */; };
		9F809BF323517563000DCFEF /* appLogo5.png in Resources */ = {isa = PBXBuildFile; fileRef = 9F809BEC23517563000DCFEF /* appLogo5.png */; };
/* End PBXBuildFile section */

/* Begin PBXFileReference section */
		9F5B6676234FA0EE000768BE /* FirstMacApp.app */ = {isa = PBXFileReference; explicitFileType = wrapper.application; includeInIndex = 0; path = FirstMacApp.app; sourceTree = BUILT_PRODUCTS_DIR; };
		9F5B6679234FA0EE000768BE /* AppDelegate.swift */ = {isa = PBXFileReference; lastKnownFileType = sourcecode.swift; path = AppDelegate.swift; sourceTree = "<group>"; };
		9F5B667B234FA0EE000768BE /* ViewController.swift */ = {isa = PBXFileReference; lastKnownFileType = sourcecode.swift; path = ViewController.swift; sourceTree = "<group>"; };
		9F5B667D234FA0F4000768BE /* Assets.xcassets */ = {isa = PBXFileReference; lastKnownFileType = folder.assetcatalog; path = Assets.xcassets; sourceTree = "<group>"; };
		9F5B6680234FA0F4000768BE /* Base */ = {isa = PBXFileReference; lastKnownFileType = file.storyboard; name = Base; path = Base.lproj/Main.storyboard; sourceTree = "<group>"; };
		9F5B6682234FA0F4000768BE /* Info.plist */ = {isa = PBXFileReference; lastKnownFileType = text.plist.xml; path = Info.plist; sourceTree = "<group>"; };
		9F5B6683234FA0F4000768BE /* FirstMacApp.entitlements */ = {isa = PBXFileReference; lastKnownFileType = text.plist.entitlements; path = FirstMacApp.entitlements; sourceTree = "<group>"; };
		9F5B6689234FA636000768BE /* SourceViewController.swift */ = {isa = PBXFileReference; lastKnownFileType = sourcecode.swift; path = SourceViewController.swift; sourceTree = "<group>"; };
		9F5B668B234FA6FF000768BE /* DetailsViewController.swift */ = {isa = PBXFileReference; lastKnownFileType = sourcecode.swift; path = DetailsViewController.swift; sourceTree = "<group>"; };
		9F809BE623517563000DCFEF /* appLogo.jpeg */ = {isa = PBXFileReference; lastKnownFileType = image.jpeg; path = appLogo.jpeg; sourceTree = "<group>"; };
		9F809BE723517563000DCFEF /* appLogo2.jpeg */ = {isa = PBXFileReference; lastKnownFileType = image.jpeg; path = appLogo2.jpeg; sourceTree = "<group>"; };
		9F809BE823517563000DCFEF /* appLogo1.jpg */ = {isa = PBXFileReference; lastKnownFileType = image.jpeg; path = appLogo1.jpg; sourceTree = "<group>"; };
		9F809BE923517563000DCFEF /* appLogo2.jpg */ = {isa = PBXFileReference; lastKnownFileType = image.jpeg; path = appLogo2.jpg; sourceTree = "<group>"; };
		9F809BEA23517563000DCFEF /* appLogo3.png */ = {isa = PBXFileReference; lastKnownFileType = image.png; path = appLogo3.png; sourceTree = "<group>"; };
		9F809BEB23517563000DCFEF /* appLogo4.png */ = {isa = PBXFileReference; lastKnownFileType = image.png; path = appLogo4.png; sourceTree = "<group>"; };
		9F809BEC23517563000DCFEF /* appLogo5.png */ = {isa = PBXFileReference; lastKnownFileType = image.png; path = appLogo5.png; sourceTree = "<group>"; };
/* End PBXFileReference section */

/* Begin PBXFrameworksBuildPhase section */
		9F5B6673234FA0EE000768BE /* Frameworks */ = {
			isa = PBXFrameworksBuildPhase;
			buildActionMask = 2147483647;
			files = (
			);
			runOnlyForDeploymentPostprocessing = 0;
		};
/* End PBXFrameworksBuildPhase section */

/* Begin PBXGroup section */
		9F5B666D234FA0EE000768BE = {
			isa = PBXGroup;
			children = (
				9F5B6678234FA0EE000768BE /* FirstMacApp */,
				9F5B6677234FA0EE000768BE /* Products */,
			);
			sourceTree = "<group>";
		};
		9F5B6677234FA0EE000768BE /* Products */ = {
			isa = PBXGroup;
			children = (
				9F5B6676234FA0EE000768BE /* FirstMacApp.app */,
			);
			name = Products;
			sourceTree = "<group>";
		};
		9F5B6678234FA0EE000768BE /* FirstMacApp */ = {
			isa = PBXGroup;
			children = (
				9F5B6679234FA0EE000768BE /* AppDelegate.swift */,
				9F5B667B234FA0EE000768BE /* ViewController.swift */,
				9F5B667D234FA0F4000768BE /* Assets.xcassets */,
				9F5B667F234FA0F4000768BE /* Main.storyboard */,
				9F5B6682234FA0F4000768BE /* Info.plist */,
				9F5B6683234FA0F4000768BE /* FirstMacApp.entitlements */,
				9F5B6689234FA636000768BE /* SourceViewController.swift */,
				9F5B668B234FA6FF000768BE /* DetailsViewController.swift */,
				9F809BE523517563000DCFEF /* Product */,
			);
			path = FirstMacApp;
			sourceTree = "<group>";
		};
		9F809BE523517563000DCFEF /* Product */ = {
			isa = PBXGroup;
			children = (
				9F809BE623517563000DCFEF /* appLogo.jpeg */,
				9F809BE723517563000DCFEF /* appLogo2.jpeg */,
				9F809BE823517563000DCFEF /* appLogo1.jpg */,
				9F809BE923517563000DCFEF /* appLogo2.jpg */,
				9F809BEA23517563000DCFEF /* appLogo3.png */,
				9F809BEB23517563000DCFEF /* appLogo4.png */,
				9F809BEC23517563000DCFEF /* appLogo5.png */,
			);
			path = Product;
			sourceTree = "<group>";
		};
/* End PBXGroup section */

/* Begin PBXNativeTarget section */
		9F5B6675234FA0EE000768BE /* FirstMacApp */ = {
			isa = PBXNativeTarget;
			buildConfigurationList = 9F5B6686234FA0F4000768BE /* Build configuration list for PBXNativeTarget "FirstMacApp" */;
			buildPhases = (
				9F5B6672234FA0EE000768BE /* Sources */,
				9F5B6673234FA0EE000768BE /* Frameworks */,
				9F5B6674234FA0EE000768BE /* Resources */,
			);
			buildRules = (
			);
			dependencies = (
			);
			name = FirstMacApp;
			productName = FirstMacApp;
			productReference = 9F5B6676234FA0EE000768BE /* FirstMacApp.app */;
			productType = "com.apple.product-type.application";
		};
/* End PBXNativeTarget section */

/* Begin PBXProject section */
		9F5B666E234FA0EE000768BE /* Project object */ = {
			isa = PBXProject;
			attributes = {
				LastSwiftUpdateCheck = 1100;
				LastUpgradeCheck = 1100;
				ORGANIZATIONNAME = "Raj Maurya";
				TargetAttributes = {
					9F5B6675234FA0EE000768BE = {
						CreatedOnToolsVersion = 11.0;
					};
				};
			};
			buildConfigurationList = 9F5B6671234FA0EE000768BE /* Build configuration list for PBXProject "FirstMacApp" */;
			compatibilityVersion = "Xcode 9.3";
			developmentRegion = en;
			hasScannedForEncodings = 0;
			knownRegions = (
				en,
				Base,
			);
			mainGroup = 9F5B666D234FA0EE000768BE;
			productRefGroup = 9F5B6677234FA0EE000768BE /* Products */;
			projectDirPath = "";
			projectRoot = "";
			targets = (
				9F5B6675234FA0EE000768BE /* FirstMacApp */,
			);
		};
/* End PBXProject section */

/* Begin PBXResourcesBuildPhase section */
		9F5B6674234FA0EE000768BE /* Resources */ = {
			isa = PBXResourcesBuildPhase;
			buildActionMask = 2147483647;
			files = (
				9F809BEF23517563000DCFEF /* appLogo1.jpg in Resources */,
				9F809BF023517563000DCFEF /* appLogo2.jpg in Resources */,
				9F5B667E234FA0F4000768BE /* Assets.xcassets in Resources */,
				9F809BEE23517563000DCFEF /* appLogo2.jpeg in Resources */,
				9F5B6681234FA0F4000768BE /* Main.storyboard in Resources */,
				9F809BF223517563000DCFEF /* appLogo4.png in Resources */,
				9F809BF123517563000DCFEF /* appLogo3.png in Resources */,
				9F809BED23517563000DCFEF /* appLogo.jpeg in Resources */,
				9F809BF323517563000DCFEF /* appLogo5.png in Resources */,
			);
			runOnlyForDeploymentPostprocessing = 0;
		};
/* End PBXResourcesBuildPhase section */

/* Begin PBXSourcesBuildPhase section */
		9F5B6672234FA0EE000768BE /* Sources */ = {
			isa = PBXSourcesBuildPhase;
			buildActionMask = 2147483647;
			files = (
				9F5B667C234FA0EE000768BE /* ViewController.swift in Sources */,
				9F5B667A234FA0EE000768BE /* AppDelegate.swift in Sources */,
				9F5B668A234FA636000768BE /* SourceViewController.swift in Sources */,
				9F5B668D234FA6FF000768BE /* DetailsViewController.swift in Sources */,
			);
			runOnlyForDeploymentPostprocessing = 0;
		};
/* End PBXSourcesBuildPhase section */

/* Begin PBXVariantGroup section */
		9F5B667F234FA0F4000768BE /* Main.storyboard */ = {
			isa = PBXVariantGroup;
			children = (
				9F5B6680234FA0F4000768BE /* Base */,
			);
			name = Main.storyboard;
			sourceTree = "<group>";
		};
/* End PBXVariantGroup section */

/* Begin XCBuildConfiguration section */
		9F5B6684234FA0F4000768BE /* Debug */ = {
			isa = XCBuildConfiguration;
			buildSettings = {
				ALWAYS_SEARCH_USER_PATHS = NO;
				CLANG_ANALYZER_NONNULL = YES;
				CLANG_ANALYZER_NUMBER_OBJECT_CONVERSION = YES_AGGRESSIVE;
				CLANG_CXX_LANGUAGE_STANDARD = "gnu++14";
				CLANG_CXX_LIBRARY = "libc++";
				CLANG_ENABLE_MODULES = YES;
				CLANG_ENABLE_OBJC_ARC = YES;
				CLANG_ENABLE_OBJC_WEAK = YES;
				CLANG_WARN_BLOCK_CAPTURE_AUTORELEASING = YES;
				CLANG_WARN_BOOL_CONVERSION = YES;
				CLANG_WARN_COMMA = YES;
				CLANG_WARN_CONSTANT_CONVERSION = YES;
				CLANG_WARN_DEPRECATED_OBJC_IMPLEMENTATIONS = YES;
				CLANG_WARN_DIRECT_OBJC_ISA_USAGE = YES_ERROR;
				CLANG_WARN_DOCUMENTATION_COMMENTS = YES;
				CLANG_WARN_EMPTY_BODY = YES;
				CLANG_WARN_ENUM_CONVERSION = YES;
				CLANG_WARN_INFINITE_RECURSION = YES;
				CLANG_WARN_INT_CONVERSION = YES;
				CLANG_WARN_NON_LITERAL_NULL_CONVERSION = YES;
				CLANG_WARN_OBJC_IMPLICIT_RETAIN_SELF = YES;
				CLANG_WARN_OBJC_LITERAL_CONVERSION = YES;
				CLANG_WARN_OBJC_ROOT_CLASS = YES_ERROR;
				CLANG_WARN_RANGE_LOOP_ANALYSIS = YES;
				CLANG_WARN_STRICT_PROTOTYPES = YES;
				CLANG_WARN_SUSPICIOUS_MOVE = YES;
				CLANG_WARN_UNGUARDED_AVAILABILITY = YES_AGGRESSIVE;
				CLANG_WARN_UNREACHABLE_CODE = YES;
				CLANG_WARN__DUPLICATE_METHOD_MATCH = YES;
				COPY_PHASE_STRIP = NO;
				DEBUG_INFORMATION_FORMAT = dwarf;
				ENABLE_STRICT_OBJC_MSGSEND = YES;
				ENABLE_TESTABILITY = YES;
				GCC_C_LANGUAGE_STANDARD = gnu11;
				GCC_DYNAMIC_NO_PIC = NO;
				GCC_NO_COMMON_BLOCKS = YES;
				GCC_OPTIMIZATION_LEVEL = 0;
				GCC_PREPROCESSOR_DEFINITIONS = (
					"DEBUG=1",
					"$(inherited)",
				);
				GCC_WARN_64_TO_32_BIT_CONVERSION = YES;
				GCC_WARN_ABOUT_RETURN_TYPE = YES_ERROR;
				GCC_WARN_UNDECLARED_SELECTOR = YES;
				GCC_WARN_UNINITIALIZED_AUTOS = YES_AGGRESSIVE;
				GCC_WARN_UNUSED_FUNCTION = YES;
				GCC_WARN_UNUSED_VARIABLE = YES;
				MACOSX_DEPLOYMENT_TARGET = 10.15;
				MTL_ENABLE_DEBUG_INFO = INCLUDE_SOURCE;
				MTL_FAST_MATH = YES;
				ONLY_ACTIVE_ARCH = YES;
				SDKROOT = macosx;
				SWIFT_ACTIVE_COMPILATION_CONDITIONS = DEBUG;
				SWIFT_OPTIMIZATION_LEVEL = "-Onone";
			};
			name = Debug;
		};
		9F5B6685234FA0F4000768BE /* Release */ = {
			isa = XCBuildConfiguration;
			buildSettings = {
				ALWAYS_SEARCH_USER_PATHS = NO;
				CLANG_ANALYZER_NONNULL = YES;
				CLANG_ANALYZER_NUMBER_OBJECT_CONVERSION = YES_AGGRESSIVE;
				CLANG_CXX_LANGUAGE_STANDARD = "gnu++14";
				CLANG_CXX_LIBRARY = "libc++";
				CLANG_ENABLE_MODULES = YES;
				CLANG_ENABLE_OBJC_ARC = YES;
				CLANG_ENABLE_OBJC_WEAK = YES;
				CLANG_WARN_BLOCK_CAPTURE_AUTORELEASING = YES;
				CLANG_WARN_BOOL_CONVERSION = YES;
				CLANG_WARN_COMMA = YES;
				CLANG_WARN_CONSTANT_CONVERSION = YES;
				CLANG_WARN_DEPRECATED_OBJC_IMPLEMENTATIONS = YES;
				CLANG_WARN_DIRECT_OBJC_ISA_USAGE = YES_ERROR;
				CLANG_WARN_DOCUMENTATION_COMMENTS = YES;
				CLANG_WARN_EMPTY_BODY = YES;
				CLANG_WARN_ENUM_CONVERSION = YES;
				CLANG_WARN_INFINITE_RECURSION = YES;
				CLANG_WARN_INT_CONVERSION = YES;
				CLANG_WARN_NON_LITERAL_NULL_CONVERSION = YES;
				CLANG_WARN_OBJC_IMPLICIT_RETAIN_SELF = YES;
				CLANG_WARN_OBJC_LITERAL_CONVERSION = YES;
				CLANG_WARN_OBJC_ROOT_CLASS = YES_ERROR;
				CLANG_WARN_RANGE_LOOP_ANALYSIS = YES;
				CLANG_WARN_STRICT_PROTOTYPES = YES;
				CLANG_WARN_SUSPICIOUS_MOVE = YES;
				CLANG_WARN_UNGUARDED_AVAILABILITY = YES_AGGRESSIVE;
				CLANG_WARN_UNREACHABLE_CODE = YES;
				CLANG_WARN__DUPLICATE_METHOD_MATCH = YES;
				COPY_PHASE_STRIP = NO;
				DEBUG_INFORMATION_FORMAT = "dwarf-with-dsym";
				ENABLE_NS_ASSERTIONS = NO;
				ENABLE_STRICT_OBJC_MSGSEND = YES;
				GCC_C_LANGUAGE_STANDARD = gnu11;
				GCC_NO_COMMON_BLOCKS = YES;
				GCC_WARN_64_TO_32_BIT_CONVERSION = YES;
				GCC_WARN_ABOUT_RETURN_TYPE = YES_ERROR;
				GCC_WARN_UNDECLARED_SELECTOR = YES;
				GCC_WARN_UNINITIALIZED_AUTOS = YES_AGGRESSIVE;
				GCC_WARN_UNUSED_FUNCTION = YES;
				GCC_WARN_UNUSED_VARIABLE = YES;
				MACOSX_DEPLOYMENT_TARGET = 10.15;
				MTL_ENABLE_DEBUG_INFO = NO;
				MTL_FAST_MATH = YES;
				SDKROOT = macosx;
				SWIFT_COMPILATION_MODE = wholemodule;
				SWIFT_OPTIMIZATION_LEVEL = "-O";
			};
			name = Release;
		};
		9F5B6687234FA0F4000768BE /* Debug */ = {
			isa = XCBuildConfiguration;
			buildSettings = {
				ASSETCATALOG_COMPILER_APPICON_NAME = AppIcon;
				CODE_SIGN_ENTITLEMENTS = FirstMacApp/FirstMacApp.entitlements;
				CODE_SIGN_STYLE = Automatic;
				COMBINE_HIDPI_IMAGES = YES;
				DEVELOPMENT_TEAM = 7M5LAPA88L;
				ENABLE_HARDENED_RUNTIME = YES;
				INFOPLIST_FILE = FirstMacApp/Info.plist;
				LD_RUNPATH_SEARCH_PATHS = (
					"$(inherited)",
					"@executable_path/../Frameworks",
				);
				PRODUCT_BUNDLE_IDENTIFIER = "com.Raj-SelfLearning.FirstMacApp";
				PRODUCT_NAME = "$(TARGET_NAME)";
				SWIFT_VERSION = 5.0;
			};
			name = Debug;
		};
		9F5B6688234FA0F4000768BE /* Release */ = {
			isa = XCBuildConfiguration;
			buildSettings = {
				ASSETCATALOG_COMPILER_APPICON_NAME = AppIcon;
				CODE_SIGN_ENTITLEMENTS = FirstMacApp/FirstMacApp.entitlements;
				CODE_SIGN_STYLE = Automatic;
				COMBINE_HIDPI_IMAGES = YES;
				DEVELOPMENT_TEAM = 7M5LAPA88L;
				ENABLE_HARDENED_RUNTIME = YES;
				INFOPLIST_FILE = FirstMacApp/Info.plist;
				LD_RUNPATH_SEARCH_PATHS = (
					"$(inherited)",
					"@executable_path/../Frameworks",
				);
				PRODUCT_BUNDLE_IDENTIFIER = "com.Raj-SelfLearning.FirstMacApp";
				PRODUCT_NAME = "$(TARGET_NAME)";
				SWIFT_VERSION = 5.0;
			};
			name = Release;
		};
/* End XCBuildConfiguration section */

/* Begin XCConfigurationList section */
		9F5B6671234FA0EE000768BE /* Build configuration list for PBXProject "FirstMacApp" */ = {
			isa = XCConfigurationList;
			buildConfigurations = (
				9F5B6684234FA0F4000768BE /* Debug */,
				9F5B6685234FA0F4000768BE /* Release */,
			);
			defaultConfigurationIsVisible = 0;
			defaultConfigurationName = Release;
		};
		9F5B6686234FA0F4000768BE /* Build configuration list for PBXNativeTarget "FirstMacApp" */ = {
			isa = XCConfigurationList;
			buildConfigurations = (
				9F5B6687234FA0F4000768BE /* Debug */,
				9F5B6688234FA0F4000768BE /* Release */,
			);
			defaultConfigurationIsVisible = 0;
			defaultConfigurationName = Release;
		};
/* End XCConfigurationList section */
	};
	rootObject = 9F5B666E234FA0EE000768BE /* Project object */;
}
